
Microsoft Visual Studio Solution File, Format Version 12.00
# Visual Studio Version 16
VisualStudioVersion = 16.0.31727.386
MinimumVisualStudioVersion = 10.0.40219.1
Project("{8BC9CEB8-8B4A-11D0-8D11-00A0C91BC942}") = "MyLanguage", "MyLanguage.vcxproj", "{33C6E1BD-A9D8-48FD-80D3-02A2FAA3D1F2}"
EndProject
Project("{8BC9CEB8-8B4A-11D0-8D11-00A0C91BC942}") = "TestDll", "..\TestDll\TestDll.vcxproj", "{5628523A-7D8F-41F3-8DD1-EDF75EBD890D}"
EndProject
Global
	GlobalSection(SolutionConfigurationPlatforms) = preSolution
		Debug|x64 = Debug|x64
		Debug|x86 = Debug|x86
		Release|x64 = Release|x64
		Release|x86 = Release|x86
	EndGlobalSection
	GlobalSection(ProjectConfigurationPlatforms) = postSolution
		{33C6E1BD-A9D8-48FD-80D3-02A2FAA3D1F2}.Debug|x64.ActiveCfg = Debug|x64
		{33C6E1BD-A9D8-48FD-80D3-02A2FAA3D1F2}.Debug|x64.Build.0 = Debug|x64
		{33C6E1BD-A9D8-48FD-80D3-02A2FAA3D1F2}.Debug|x86.ActiveCfg = Debug|Win32
		{33C6E1BD-A9D8-48FD-80D3-02A2FAA3D1F2}.Debug|x86.Build.0 = Debug|Win32
		{33C6E1BD-A9D8-48FD-80D3-02A2FAA3D1F2}.Release|x64.ActiveCfg = Release|x64
		{33C6E1BD-A9D8-48FD-80D3-02A2FAA3D1F2}.Release|x64.Build.0 = Release|x64
		{33C6E1BD-A9D8-48FD-80D3-02A2FAA3D1F2}.Release|x86.ActiveCfg = Release|Win32
		{33C6E1BD-A9D8-48FD-80D3-02A2FAA3D1F2}.Release|x86.Build.0 = Release|Win32
		{5628523A-7D8F-41F3-8DD1-EDF75EBD890D}.Debug|x64.ActiveCfg = Debug|x64
		{5628523A-7D8F-41F3-8DD1-EDF75EBD890D}.Debug|x64.Build.0 = Debug|x64
		{5628523A-7D8F-41F3-8DD1-EDF75EBD890D}.Debug|x86.ActiveCfg = Debug|Win32
		{5628523A-7D8F-41F3-8DD1-EDF75EBD890D}.Debug|x86.Build.0 = Debug|Win32
		{5628523A-7D8F-41F3-8DD1-EDF75EBD890D}.Release|x64.ActiveCfg = Release|x64
		{5628523A-7D8F-41F3-8DD1-EDF75EBD890D}.Release|x64.Build.0 = Release|x64
		{5628523A-7D8F-41F3-8DD1-EDF75EBD890D}.Release|x86.ActiveCfg = Release|Win32
		{5628523A-7D8F-41F3-8DD1-EDF75EBD890D}.Release|x86.Build.0 = Release|Win32
	EndGlobalSection
	GlobalSection(SolutionProperties) = preSolution
		HideSolutionNode = FALSE
	EndGlobalSection
	GlobalSection(ExtensibilityGlobals) = postSolution
		SolutionGuid = {52031528-7314-4FF0-8FBE-12835AD5AEA2}
	EndGlobalSection
EndGlobal
